
Microsoft Visual Studio Solution File, Format Version 12.00
# Visual Studio Version 16
VisualStudioVersion = 16.0.30717.126
MinimumVisualStudioVersion = 10.0.40219.1
Project("{FAE04EC0-301F-11D3-BF4B-00C04F79EFBC}") = "DayBook", "DayBook\DayBook.csproj", "{BF216CDC-CD46-4917-BA39-269A2168F27D}"
EndProject
Project("{FAE04EC0-301F-11D3-BF4B-00C04F79EFBC}") = "DaybookUnitTests", "DaybookUnitTests\DaybookUnitTests.csproj", "{4BD8447B-7A6A-49CD-A067-C62A9F55C731}"
EndProject
Global
	GlobalSection(SolutionConfigurationPlatforms) = preSolution
		Debug|Any CPU = Debug|Any CPU
		Release|Any CPU = Release|Any CPU
	EndGlobalSection
	GlobalSection(ProjectConfigurationPlatforms) = postSolution
		{BF216CDC-CD46-4917-BA39-269A2168F27D}.Debug|Any CPU.ActiveCfg = Debug|Any CPU
		{BF216CDC-CD46-4917-BA39-269A2168F27D}.Debug|Any CPU.Build.0 = Debug|Any CPU
		{BF216CDC-CD46-4917-BA39-269A2168F27D}.Release|Any CPU.ActiveCfg = Release|Any CPU
		{BF216CDC-CD46-4917-BA39-269A2168F27D}.Release|Any CPU.Build.0 = Release|Any CPU
		{4BD8447B-7A6A-49CD-A067-C62A9F55C731}.Debug|Any CPU.ActiveCfg = Debug|Any CPU
		{4BD8447B-7A6A-49CD-A067-C62A9F55C731}.Debug|Any CPU.Build.0 = Debug|Any CPU
		{4BD8447B-7A6A-49CD-A067-C62A9F55C731}.Release|Any CPU.ActiveCfg = Release|Any CPU
		{4BD8447B-7A6A-49CD-A067-C62A9F55C731}.Release|Any CPU.Build.0 = Release|Any CPU
	EndGlobalSection
	GlobalSection(SolutionProperties) = preSolution
		HideSolutionNode = FALSE
	EndGlobalSection
	GlobalSection(ExtensibilityGlobals) = postSolution
		SolutionGuid = {376A4516-CA5A-44EC-9F42-A75FC00B9920}
	EndGlobalSection
EndGlobal
